
Microsoft Visual Studio Solution File, Format Version 12.00
# Visual Studio Version 16
VisualStudioVersion = 16.0.31105.61
MinimumVisualStudioVersion = 10.0.40219.1
Project("{8BC9CEB8-8B4A-11D0-8D11-00A0C91BC942}") = "ItSchoolBanckApp", "ItSchoolBanckApp.vcxproj", "{983EAED2-4D32-46C3-9CAC-65F2B2A9883E}"
EndProject
Global
	GlobalSection(SolutionConfigurationPlatforms) = preSolution
		Debug|x64 = Debug|x64
		Debug|x86 = Debug|x86
		Release|x64 = Release|x64
		Release|x86 = Release|x86
	EndGlobalSection
	GlobalSection(ProjectConfigurationPlatforms) = postSolution
		{983EAED2-4D32-46C3-9CAC-65F2B2A9883E}.Debug|x64.ActiveCfg = Debug|x64
		{983EAED2-4D32-46C3-9CAC-65F2B2A9883E}.Debug|x64.Build.0 = Debug|x64
		{983EAED2-4D32-46C3-9CAC-65F2B2A9883E}.Debug|x86.ActiveCfg = Debug|Win32
		{983EAED2-4D32-46C3-9CAC-65F2B2A9883E}.Debug|x86.Build.0 = Debug|Win32
		{983EAED2-4D32-46C3-9CAC-65F2B2A9883E}.Release|x64.ActiveCfg = Release|x64
		{983EAED2-4D32-46C3-9CAC-65F2B2A9883E}.Release|x64.Build.0 = Release|x64
		{983EAED2-4D32-46C3-9CAC-65F2B2A9883E}.Release|x86.ActiveCfg = Release|Win32
		{983EAED2-4D32-46C3-9CAC-65F2B2A9883E}.Release|x86.Build.0 = Release|Win32
	EndGlobalSection
	GlobalSection(SolutionProperties) = preSolution
		HideSolutionNode = FALSE
	EndGlobalSection
	GlobalSection(ExtensibilityGlobals) = postSolution
		SolutionGuid = {FBC4BCA0-35DC-485F-A93B-CC9AD4BF20EF}
	EndGlobalSection
EndGlobal
